// !$*UTF8*$!
{
	archiveVersion = 1;
	classes = {
	};
	objectVersion = 46;
	objects = {

/* Begin PBXBuildFile section */
		092AB06CA5A0EC492B94183A /* Pods_MeetupFinder.framework in Frameworks */ = {isa = PBXBuildFile; fileRef = 637E32EB7A3A8475D25EEB34 /* Pods_MeetupFinder.framework */; };
		301C18301F22A11E005A6B34 /* Helper.swift in Sources */ = {isa = PBXBuildFile; fileRef = 301C182F1F22A11E005A6B34 /* Helper.swift */; };
		301C18321F22DA5D005A6B34 /* Event.swift in Sources */ = {isa = PBXBuildFile; fileRef = 301C18311F22DA5D005A6B34 /* Event.swift */; };
		301C18341F22FDFD005A6B34 /* MeetupStore.swift in Sources */ = {isa = PBXBuildFile; fileRef = 301C18331F22FDFD005A6B34 /* MeetupStore.swift */; };
		301C18361F243AD4005A6B34 /* Menu.swift in Sources */ = {isa = PBXBuildFile; fileRef = 301C18351F243AD4005A6B34 /* Menu.swift */; };
		302F22F21F1EECFA00D1339F /* MeetupClient.swift in Sources */ = {isa = PBXBuildFile; fileRef = 302F22F11F1EECFA00D1339F /* MeetupClient.swift */; };
		302F22F41F1EED4600D1339F /* Constants.swift in Sources */ = {isa = PBXBuildFile; fileRef = 302F22F31F1EED4600D1339F /* Constants.swift */; };
		303A10CB1F63327B00AE3EB3 /* MapView.swift in Sources */ = {isa = PBXBuildFile; fileRef = 303A10CA1F63327B00AE3EB3 /* MapView.swift */; };
		303A10CD1F63393400AE3EB3 /* MapKit.framework in Frameworks */ = {isa = PBXBuildFile; fileRef = 303A10CC1F63393400AE3EB3 /* MapKit.framework */; };
		303A10D21F64482C00AE3EB3 /* EventPin.swift in Sources */ = {isa = PBXBuildFile; fileRef = 303A10D11F64482C00AE3EB3 /* EventPin.swift */; };
		305EDBBB1F50F17300B96079 /* MeetupToFirebase.swift in Sources */ = {isa = PBXBuildFile; fileRef = 305EDBBA1F50F17300B96079 /* MeetupToFirebase.swift */; };
		305EDBBD1F50FFF000B96079 /* FirebaseClient.swift in Sources */ = {isa = PBXBuildFile; fileRef = 305EDBBC1F50FFF000B96079 /* FirebaseClient.swift */; };
		305EDBBF1F5101D800B96079 /* NewEvent.swift in Sources */ = {isa = PBXBuildFile; fileRef = 305EDBBE1F5101D800B96079 /* NewEvent.swift */; };
		307DC05D1F6EC0E900DE8083 /* EventCell.swift in Sources */ = {isa = PBXBuildFile; fileRef = 307DC05C1F6EC0E900DE8083 /* EventCell.swift */; };
		30C0BB021F1EEA05006D4531 /* AppDelegate.swift in Sources */ = {isa = PBXBuildFile; fileRef = 30C0BB011F1EEA05006D4531 /* AppDelegate.swift */; };
		30C0BB041F1EEA05006D4531 /* EventList.swift in Sources */ = {isa = PBXBuildFile; fileRef = 30C0BB031F1EEA05006D4531 /* EventList.swift */; };
		30C0BB071F1EEA05006D4531 /* Main.storyboard in Resources */ = {isa = PBXBuildFile; fileRef = 30C0BB051F1EEA05006D4531 /* Main.storyboard */; };
		30C0BB091F1EEA05006D4531 /* Assets.xcassets in Resources */ = {isa = PBXBuildFile; fileRef = 30C0BB081F1EEA05006D4531 /* Assets.xcassets */; };
		30C0BB0C1F1EEA05006D4531 /* LaunchScreen.storyboard in Resources */ = {isa = PBXBuildFile; fileRef = 30C0BB0A1F1EEA05006D4531 /* LaunchScreen.storyboard */; };
		30E74E131F46A42D00C46326 /* EventDetails.swift in Sources */ = {isa = PBXBuildFile; fileRef = 30E74E121F46A42D00C46326 /* EventDetails.swift */; };
		30E74E151F475FFA00C46326 /* GoogleService-Info.plist in Resources */ = {isa = PBXBuildFile; fileRef = 30E74E141F475FFA00C46326 /* GoogleService-Info.plist */; };
/* End PBXBuildFile section */

/* Begin PBXFileReference section */
		301C182F1F22A11E005A6B34 /* Helper.swift */ = {isa = PBXFileReference; fileEncoding = 4; lastKnownFileType = sourcecode.swift; path = Helper.swift; sourceTree = "<group>"; };
		301C18311F22DA5D005A6B34 /* Event.swift */ = {isa = PBXFileReference; fileEncoding = 4; lastKnownFileType = sourcecode.swift; path = Event.swift; sourceTree = "<group>"; };
		301C18331F22FDFD005A6B34 /* MeetupStore.swift */ = {isa = PBXFileReference; fileEncoding = 4; lastKnownFileType = sourcecode.swift; path = MeetupStore.swift; sourceTree = "<group>"; };
		301C18351F243AD4005A6B34 /* Menu.swift */ = {isa = PBXFileReference; fileEncoding = 4; lastKnownFileType = sourcecode.swift; path = Menu.swift; sourceTree = "<group>"; };
		302F22F11F1EECFA00D1339F /* MeetupClient.swift */ = {isa = PBXFileReference; fileEncoding = 4; lastKnownFileType = sourcecode.swift; path = MeetupClient.swift; sourceTree = "<group>"; };
		302F22F31F1EED4600D1339F /* Constants.swift */ = {isa = PBXFileReference; fileEncoding = 4; lastKnownFileType = sourcecode.swift; path = Constants.swift; sourceTree = "<group>"; };
		303A10CA1F63327B00AE3EB3 /* MapView.swift */ = {isa = PBXFileReference; fileEncoding = 4; lastKnownFileType = sourcecode.swift; path = MapView.swift; sourceTree = "<group>"; };
		303A10CC1F63393400AE3EB3 /* MapKit.framework */ = {isa = PBXFileReference; lastKnownFileType = wrapper.framework; name = MapKit.framework; path = System/Library/Frameworks/MapKit.framework; sourceTree = SDKROOT; };
		303A10D11F64482C00AE3EB3 /* EventPin.swift */ = {isa = PBXFileReference; fileEncoding = 4; lastKnownFileType = sourcecode.swift; path = EventPin.swift; sourceTree = "<group>"; };
		305EDBBA1F50F17300B96079 /* MeetupToFirebase.swift */ = {isa = PBXFileReference; fileEncoding = 4; lastKnownFileType = sourcecode.swift; path = MeetupToFirebase.swift; sourceTree = "<group>"; };
		305EDBBC1F50FFF000B96079 /* FirebaseClient.swift */ = {isa = PBXFileReference; fileEncoding = 4; lastKnownFileType = sourcecode.swift; path = FirebaseClient.swift; sourceTree = "<group>"; };
		305EDBBE1F5101D800B96079 /* NewEvent.swift */ = {isa = PBXFileReference; fileEncoding = 4; lastKnownFileType = sourcecode.swift; path = NewEvent.swift; sourceTree = "<group>"; };
		307DC05C1F6EC0E900DE8083 /* EventCell.swift */ = {isa = PBXFileReference; fileEncoding = 4; lastKnownFileType = sourcecode.swift; path = EventCell.swift; sourceTree = "<group>"; };
		30C0BAFE1F1EEA05006D4531 /* MeetupFinder.app */ = {isa = PBXFileReference; explicitFileType = wrapper.application; includeInIndex = 0; path = MeetupFinder.app; sourceTree = BUILT_PRODUCTS_DIR; };
		30C0BB011F1EEA05006D4531 /* AppDelegate.swift */ = {isa = PBXFileReference; lastKnownFileType = sourcecode.swift; path = AppDelegate.swift; sourceTree = "<group>"; };
		30C0BB031F1EEA05006D4531 /* EventList.swift */ = {isa = PBXFileReference; lastKnownFileType = sourcecode.swift; path = EventList.swift; sourceTree = "<group>"; };
		30C0BB061F1EEA05006D4531 /* Base */ = {isa = PBXFileReference; lastKnownFileType = file.storyboard; name = Base; path = Base.lproj/Main.storyboard; sourceTree = "<group>"; };
		30C0BB081F1EEA05006D4531 /* Assets.xcassets */ = {isa = PBXFileReference; lastKnownFileType = folder.assetcatalog; path = Assets.xcassets; sourceTree = "<group>"; };
		30C0BB0B1F1EEA05006D4531 /* Base */ = {isa = PBXFileReference; lastKnownFileType = file.storyboard; name = Base; path = Base.lproj/LaunchScreen.storyboard; sourceTree = "<group>"; };
		30C0BB0D1F1EEA05006D4531 /* Info.plist */ = {isa = PBXFileReference; lastKnownFileType = text.plist.xml; path = Info.plist; sourceTree = "<group>"; };
		30E74E121F46A42D00C46326 /* EventDetails.swift */ = {isa = PBXFileReference; fileEncoding = 4; lastKnownFileType = sourcecode.swift; path = EventDetails.swift; sourceTree = "<group>"; };
		30E74E141F475FFA00C46326 /* GoogleService-Info.plist */ = {isa = PBXFileReference; fileEncoding = 4; lastKnownFileType = text.plist.xml; path = "GoogleService-Info.plist"; sourceTree = "<group>"; };
		637E32EB7A3A8475D25EEB34 /* Pods_MeetupFinder.framework */ = {isa = PBXFileReference; explicitFileType = wrapper.framework; includeInIndex = 0; path = Pods_MeetupFinder.framework; sourceTree = BUILT_PRODUCTS_DIR; };
		7E352F66233B521350BC6D9D /* Pods-MeetupFinder.debug.xcconfig */ = {isa = PBXFileReference; includeInIndex = 1; lastKnownFileType = text.xcconfig; name = "Pods-MeetupFinder.debug.xcconfig"; path = "Pods/Target Support Files/Pods-MeetupFinder/Pods-MeetupFinder.debug.xcconfig"; sourceTree = "<group>"; };
		8A14908ECC1A3EB2AE4E1383 /* Pods-MeetupFinder.release.xcconfig */ = {isa = PBXFileReference; includeInIndex = 1; lastKnownFileType = text.xcconfig; name = "Pods-MeetupFinder.release.xcconfig"; path = "Pods/Target Support Files/Pods-MeetupFinder/Pods-MeetupFinder.release.xcconfig"; sourceTree = "<group>"; };
/* End PBXFileReference section */

/* Begin PBXFrameworksBuildPhase section */
		30C0BAFB1F1EEA05006D4531 /* Frameworks */ = {
			isa = PBXFrameworksBuildPhase;
			buildActionMask = 2147483647;
			files = (
				303A10CD1F63393400AE3EB3 /* MapKit.framework in Frameworks */,
				092AB06CA5A0EC492B94183A /* Pods_MeetupFinder.framework in Frameworks */,
			);
			runOnlyForDeploymentPostprocessing = 0;
		};
/* End PBXFrameworksBuildPhase section */

/* Begin PBXGroup section */
		25E3DF9A2B7E2F5E7A7E983C /* Pods */ = {
			isa = PBXGroup;
			children = (
				7E352F66233B521350BC6D9D /* Pods-MeetupFinder.debug.xcconfig */,
				8A14908ECC1A3EB2AE4E1383 /* Pods-MeetupFinder.release.xcconfig */,
			);
			name = Pods;
			sourceTree = "<group>";
		};
		302F22ED1F1EEC6500D1339F /* Resources */ = {
			isa = PBXGroup;
			children = (
				302F22F31F1EED4600D1339F /* Constants.swift */,
				30C0BB081F1EEA05006D4531 /* Assets.xcassets */,
				30E74E141F475FFA00C46326 /* GoogleService-Info.plist */,
				30C0BB0A1F1EEA05006D4531 /* LaunchScreen.storyboard */,
				30C0BB0D1F1EEA05006D4531 /* Info.plist */,
			);
			name = Resources;
			sourceTree = "<group>";
		};
		302F22EE1F1EEC6E00D1339F /* View */ = {
			isa = PBXGroup;
			children = (
				30C0BB031F1EEA05006D4531 /* EventList.swift */,
				301C18351F243AD4005A6B34 /* Menu.swift */,
				30E74E121F46A42D00C46326 /* EventDetails.swift */,
				305EDBBE1F5101D800B96079 /* NewEvent.swift */,
				303A10CA1F63327B00AE3EB3 /* MapView.swift */,
			);
			name = View;
			sourceTree = "<group>";
		};
		302F22EF1F1EECB000D1339F /* Model */ = {
			isa = PBXGroup;
			children = (
				301C18311F22DA5D005A6B34 /* Event.swift */,
				307DC05C1F6EC0E900DE8083 /* EventCell.swift */,
				303A10D11F64482C00AE3EB3 /* EventPin.swift */,
				301C18331F22FDFD005A6B34 /* MeetupStore.swift */,
			);
			name = Model;
			sourceTree = "<group>";
		};
		302F22F01F1EECB700D1339F /* Controller */ = {
			isa = PBXGroup;
			children = (
				301C182F1F22A11E005A6B34 /* Helper.swift */,
				302F22F11F1EECFA00D1339F /* MeetupClient.swift */,
				305EDBBA1F50F17300B96079 /* MeetupToFirebase.swift */,
				305EDBBC1F50FFF000B96079 /* FirebaseClient.swift */,
			);
			name = Controller;
			sourceTree = "<group>";
		};
		30C0BAF51F1EEA05006D4531 = {
			isa = PBXGroup;
			children = (
				30C0BB001F1EEA05006D4531 /* MeetupFinder */,
				30C0BAFF1F1EEA05006D4531 /* Products */,
				25E3DF9A2B7E2F5E7A7E983C /* Pods */,
				58B83B24425AA3A1D5DFC3AC /* Frameworks */,
			);
			sourceTree = "<group>";
		};
		30C0BAFF1F1EEA05006D4531 /* Products */ = {
			isa = PBXGroup;
			children = (
				30C0BAFE1F1EEA05006D4531 /* MeetupFinder.app */,
			);
			name = Products;
			sourceTree = "<group>";
		};
		30C0BB001F1EEA05006D4531 /* MeetupFinder */ = {
			isa = PBXGroup;
			children = (
				30C0BB011F1EEA05006D4531 /* AppDelegate.swift */,
				30C0BB051F1EEA05006D4531 /* Main.storyboard */,
				302F22EE1F1EEC6E00D1339F /* View */,
				302F22EF1F1EECB000D1339F /* Model */,
				302F22F01F1EECB700D1339F /* Controller */,
				302F22ED1F1EEC6500D1339F /* Resources */,
			);
			path = MeetupFinder;
			sourceTree = "<group>";
		};
		58B83B24425AA3A1D5DFC3AC /* Frameworks */ = {
			isa = PBXGroup;
			children = (
				303A10CC1F63393400AE3EB3 /* MapKit.framework */,
				637E32EB7A3A8475D25EEB34 /* Pods_MeetupFinder.framework */,
			);
			name = Frameworks;
			sourceTree = "<group>";
		};
/* End PBXGroup section */

/* Begin PBXNativeTarget section */
		30C0BAFD1F1EEA05006D4531 /* MeetupFinder */ = {
			isa = PBXNativeTarget;
			buildConfigurationList = 30C0BB101F1EEA05006D4531 /* Build configuration list for PBXNativeTarget "MeetupFinder" */;
			buildPhases = (
				01902AA0A2B86F17E3296D6A /* [CP] Check Pods Manifest.lock */,
				30C0BAFA1F1EEA05006D4531 /* Sources */,
				30C0BAFB1F1EEA05006D4531 /* Frameworks */,
				30C0BAFC1F1EEA05006D4531 /* Resources */,
				BA5888D5EC862690017220E9 /* [CP] Embed Pods Frameworks */,
				84FC6057DEC64C6F720C4F15 /* [CP] Copy Pods Resources */,
			);
			buildRules = (
			);
			dependencies = (
			);
			name = MeetupFinder;
			productName = MeetupFinder;
			productReference = 30C0BAFE1F1EEA05006D4531 /* MeetupFinder.app */;
			productType = "com.apple.product-type.application";
		};
/* End PBXNativeTarget section */

/* Begin PBXProject section */
		30C0BAF61F1EEA05006D4531 /* Project object */ = {
			isa = PBXProject;
			attributes = {
				LastSwiftUpdateCheck = 0830;
				LastUpgradeCheck = 0830;
				ORGANIZATIONNAME = RLabs;
				TargetAttributes = {
					30C0BAFD1F1EEA05006D4531 = {
						CreatedOnToolsVersion = 8.3.3;
						DevelopmentTeam = 59ZDL3D4PJ;
						ProvisioningStyle = Automatic;
						SystemCapabilities = {
							com.apple.Maps.iOS = {
								enabled = 1;
							};
						};
					};
				};
			};
			buildConfigurationList = 30C0BAF91F1EEA05006D4531 /* Build configuration list for PBXProject "MeetupFinder" */;
			compatibilityVersion = "Xcode 3.2";
			developmentRegion = English;
			hasScannedForEncodings = 0;
			knownRegions = (
				en,
				Base,
			);
			mainGroup = 30C0BAF51F1EEA05006D4531;
			productRefGroup = 30C0BAFF1F1EEA05006D4531 /* Products */;
			projectDirPath = "";
			projectRoot = "";
			targets = (
				30C0BAFD1F1EEA05006D4531 /* MeetupFinder */,
			);
		};
/* End PBXProject section */

/* Begin PBXResourcesBuildPhase section */
		30C0BAFC1F1EEA05006D4531 /* Resources */ = {
			isa = PBXResourcesBuildPhase;
			buildActionMask = 2147483647;
			files = (
				30C0BB0C1F1EEA05006D4531 /* LaunchScreen.storyboard in Resources */,
				30E74E151F475FFA00C46326 /* GoogleService-Info.plist in Resources */,
				30C0BB091F1EEA05006D4531 /* Assets.xcassets in Resources */,
				30C0BB071F1EEA05006D4531 /* Main.storyboard in Resources */,
			);
			runOnlyForDeploymentPostprocessing = 0;
		};
/* End PBXResourcesBuildPhase section */

/* Begin PBXShellScriptBuildPhase section */
		01902AA0A2B86F17E3296D6A /* [CP] Check Pods Manifest.lock */ = {
			isa = PBXShellScriptBuildPhase;
			buildActionMask = 2147483647;
			files = (
			);
			inputPaths = (
				"${PODS_PODFILE_DIR_PATH}/Podfile.lock",
				"${PODS_ROOT}/Manifest.lock",
			);
			name = "[CP] Check Pods Manifest.lock";
			outputPaths = (
				"$(DERIVED_FILE_DIR)/Pods-MeetupFinder-checkManifestLockResult.txt",
			);
			runOnlyForDeploymentPostprocessing = 0;
			shellPath = /bin/sh;
			shellScript = "diff \"${PODS_PODFILE_DIR_PATH}/Podfile.lock\" \"${PODS_ROOT}/Manifest.lock\" > /dev/null\nif [ $? != 0 ] ; then\n    # print error to STDERR\n    echo \"error: The sandbox is not in sync with the Podfile.lock. Run 'pod install' or update your CocoaPods installation.\" >&2\n    exit 1\nfi\n# This output is used by Xcode 'outputs' to avoid re-running this script phase.\necho \"SUCCESS\" > \"${SCRIPT_OUTPUT_FILE_0}\"\n";
			showEnvVarsInLog = 0;
		};
		84FC6057DEC64C6F720C4F15 /* [CP] Copy Pods Resources */ = {
			isa = PBXShellScriptBuildPhase;
			buildActionMask = 2147483647;
			files = (
			);
			inputPaths = (
			);
			name = "[CP] Copy Pods Resources";
			outputPaths = (
			);
			runOnlyForDeploymentPostprocessing = 0;
			shellPath = /bin/sh;
			shellScript = "\"${SRCROOT}/Pods/Target Support Files/Pods-MeetupFinder/Pods-MeetupFinder-resources.sh\"\n";
			showEnvVarsInLog = 0;
		};
		BA5888D5EC862690017220E9 /* [CP] Embed Pods Frameworks */ = {
			isa = PBXShellScriptBuildPhase;
			buildActionMask = 2147483647;
			files = (
			);
			inputPaths = (
				"${SRCROOT}/Pods/Target Support Files/Pods-MeetupFinder/Pods-MeetupFinder-frameworks.sh",
				"${BUILT_PRODUCTS_DIR}/Alamofire/Alamofire.framework",
				"${BUILT_PRODUCTS_DIR}/AlamofireImage/AlamofireImage.framework",
				"${BUILT_PRODUCTS_DIR}/Eureka/Eureka.framework",
				"${BUILT_PRODUCTS_DIR}/GoogleToolboxForMac/GoogleToolboxForMac.framework",
				"${BUILT_PRODUCTS_DIR}/SwiftyJSON/SwiftyJSON.framework",
				"${BUILT_PRODUCTS_DIR}/nanopb/nanopb.framework",
			);
			name = "[CP] Embed Pods Frameworks";
			outputPaths = (
				"${TARGET_BUILD_DIR}/${FRAMEWORKS_FOLDER_PATH}/Alamofire.framework",
				"${TARGET_BUILD_DIR}/${FRAMEWORKS_FOLDER_PATH}/AlamofireImage.framework",
				"${TARGET_BUILD_DIR}/${FRAMEWORKS_FOLDER_PATH}/Eureka.framework",
				"${TARGET_BUILD_DIR}/${FRAMEWORKS_FOLDER_PATH}/GoogleToolboxForMac.framework",
				"${TARGET_BUILD_DIR}/${FRAMEWORKS_FOLDER_PATH}/SwiftyJSON.framework",
				"${TARGET_BUILD_DIR}/${FRAMEWORKS_FOLDER_PATH}/nanopb.framework",
			);
			runOnlyForDeploymentPostprocessing = 0;
			shellPath = /bin/sh;
			shellScript = "\"${SRCROOT}/Pods/Target Support Files/Pods-MeetupFinder/Pods-MeetupFinder-frameworks.sh\"\n";
			showEnvVarsInLog = 0;
		};
/* End PBXShellScriptBuildPhase section */

/* Begin PBXSourcesBuildPhase section */
		30C0BAFA1F1EEA05006D4531 /* Sources */ = {
			isa = PBXSourcesBuildPhase;
			buildActionMask = 2147483647;
			files = (
				30C0BB041F1EEA05006D4531 /* EventList.swift in Sources */,
				30E74E131F46A42D00C46326 /* EventDetails.swift in Sources */,
				301C18341F22FDFD005A6B34 /* MeetupStore.swift in Sources */,
				305EDBBB1F50F17300B96079 /* MeetupToFirebase.swift in Sources */,
				303A10CB1F63327B00AE3EB3 /* MapView.swift in Sources */,
				301C18361F243AD4005A6B34 /* Menu.swift in Sources */,
				30C0BB021F1EEA05006D4531 /* AppDelegate.swift in Sources */,
				301C18301F22A11E005A6B34 /* Helper.swift in Sources */,
				305EDBBD1F50FFF000B96079 /* FirebaseClient.swift in Sources */,
				302F22F21F1EECFA00D1339F /* MeetupClient.swift in Sources */,
				303A10D21F64482C00AE3EB3 /* EventPin.swift in Sources */,
				307DC05D1F6EC0E900DE8083 /* EventCell.swift in Sources */,
				305EDBBF1F5101D800B96079 /* NewEvent.swift in Sources */,
				301C18321F22DA5D005A6B34 /* Event.swift in Sources */,
				302F22F41F1EED4600D1339F /* Constants.swift in Sources */,
			);
			runOnlyForDeploymentPostprocessing = 0;
		};
/* End PBXSourcesBuildPhase section */

/* Begin PBXVariantGroup section */
		30C0BB051F1EEA05006D4531 /* Main.storyboard */ = {
			isa = PBXVariantGroup;
			children = (
				30C0BB061F1EEA05006D4531 /* Base */,
			);
			name = Main.storyboard;
			sourceTree = "<group>";
		};
		30C0BB0A1F1EEA05006D4531 /* LaunchScreen.storyboard */ = {
			isa = PBXVariantGroup;
			children = (
				30C0BB0B1F1EEA05006D4531 /* Base */,
			);
			name = LaunchScreen.storyboard;
			sourceTree = "<group>";
		};
/* End PBXVariantGroup section */

/* Begin XCBuildConfiguration section */
		30C0BB0E1F1EEA05006D4531 /* Debug */ = {
			isa = XCBuildConfiguration;
			buildSettings = {
				ALWAYS_SEARCH_USER_PATHS = NO;
				CLANG_ANALYZER_NONNULL = YES;
				CLANG_ANALYZER_NUMBER_OBJECT_CONVERSION = YES_AGGRESSIVE;
				CLANG_CXX_LANGUAGE_STANDARD = "gnu++0x";
				CLANG_CXX_LIBRARY = "libc++";
				CLANG_ENABLE_MODULES = YES;
				CLANG_ENABLE_OBJC_ARC = YES;
				CLANG_WARN_BOOL_CONVERSION = YES;
				CLANG_WARN_CONSTANT_CONVERSION = YES;
				CLANG_WARN_DIRECT_OBJC_ISA_USAGE = YES_ERROR;
				CLANG_WARN_DOCUMENTATION_COMMENTS = YES;
				CLANG_WARN_EMPTY_BODY = YES;
				CLANG_WARN_ENUM_CONVERSION = YES;
				CLANG_WARN_INFINITE_RECURSION = YES;
				CLANG_WARN_INT_CONVERSION = YES;
				CLANG_WARN_OBJC_ROOT_CLASS = YES_ERROR;
				CLANG_WARN_SUSPICIOUS_MOVE = YES;
				CLANG_WARN_UNREACHABLE_CODE = YES;
				CLANG_WARN__DUPLICATE_METHOD_MATCH = YES;
				"CODE_SIGN_IDENTITY[sdk=iphoneos*]" = "iPhone Developer";
				COPY_PHASE_STRIP = NO;
				DEBUG_INFORMATION_FORMAT = dwarf;
				ENABLE_STRICT_OBJC_MSGSEND = YES;
				ENABLE_TESTABILITY = YES;
				GCC_C_LANGUAGE_STANDARD = gnu99;
				GCC_DYNAMIC_NO_PIC = NO;
				GCC_NO_COMMON_BLOCKS = YES;
				GCC_OPTIMIZATION_LEVEL = 0;
				GCC_PREPROCESSOR_DEFINITIONS = (
					"DEBUG=1",
					"$(inherited)",
				);
				GCC_WARN_64_TO_32_BIT_CONVERSION = YES;
				GCC_WARN_ABOUT_RETURN_TYPE = YES_ERROR;
				GCC_WARN_UNDECLARED_SELECTOR = YES;
				GCC_WARN_UNINITIALIZED_AUTOS = YES_AGGRESSIVE;
				GCC_WARN_UNUSED_FUNCTION = YES;
				GCC_WARN_UNUSED_VARIABLE = YES;
				IPHONEOS_DEPLOYMENT_TARGET = 10.3;
				MTL_ENABLE_DEBUG_INFO = YES;
				ONLY_ACTIVE_ARCH = YES;
				SDKROOT = iphoneos;
				SWIFT_ACTIVE_COMPILATION_CONDITIONS = DEBUG;
				SWIFT_OPTIMIZATION_LEVEL = "-Onone";
			};
			name = Debug;
		};
		30C0BB0F1F1EEA05006D4531 /* Release */ = {
			isa = XCBuildConfiguration;
			buildSettings = {
				ALWAYS_SEARCH_USER_PATHS = NO;
				CLANG_ANALYZER_NONNULL = YES;
				CLANG_ANALYZER_NUMBER_OBJECT_CONVERSION = YES_AGGRESSIVE;
				CLANG_CXX_LANGUAGE_STANDARD = "gnu++0x";
				CLANG_CXX_LIBRARY = "libc++";
				CLANG_ENABLE_MODULES = YES;
				CLANG_ENABLE_OBJC_ARC = YES;
				CLANG_WARN_BOOL_CONVERSION = YES;
				CLANG_WARN_CONSTANT_CONVERSION = YES;
				CLANG_WARN_DIRECT_OBJC_ISA_USAGE = YES_ERROR;
				CLANG_WARN_DOCUMENTATION_COMMENTS = YES;
				CLANG_WARN_EMPTY_BODY = YES;
				CLANG_WARN_ENUM_CONVERSION = YES;
				CLANG_WARN_INFINITE_RECURSION = YES;
				CLANG_WARN_INT_CONVERSION = YES;
				CLANG_WARN_OBJC_ROOT_CLASS = YES_ERROR;
				CLANG_WARN_SUSPICIOUS_MOVE = YES;
				CLANG_WARN_UNREACHABLE_CODE = YES;
				CLANG_WARN__DUPLICATE_METHOD_MATCH = YES;
				"CODE_SIGN_IDENTITY[sdk=iphoneos*]" = "iPhone Developer";
				COPY_PHASE_STRIP = NO;
				DEBUG_INFORMATION_FORMAT = "dwarf-with-dsym";
				ENABLE_NS_ASSERTIONS = NO;
				ENABLE_STRICT_OBJC_MSGSEND = YES;
				GCC_C_LANGUAGE_STANDARD = gnu99;
				GCC_NO_COMMON_BLOCKS = YES;
				GCC_WARN_64_TO_32_BIT_CONVERSION = YES;
				GCC_WARN_ABOUT_RETURN_TYPE = YES_ERROR;
				GCC_WARN_UNDECLARED_SELECTOR = YES;
				GCC_WARN_UNINITIALIZED_AUTOS = YES_AGGRESSIVE;
				GCC_WARN_UNUSED_FUNCTION = YES;
				GCC_WARN_UNUSED_VARIABLE = YES;
				IPHONEOS_DEPLOYMENT_TARGET = 10.3;
				MTL_ENABLE_DEBUG_INFO = NO;
				SDKROOT = iphoneos;
				SWIFT_OPTIMIZATION_LEVEL = "-Owholemodule";
				VALIDATE_PRODUCT = YES;
			};
			name = Release;
		};
		30C0BB111F1EEA05006D4531 /* Debug */ = {
			isa = XCBuildConfiguration;
			baseConfigurationReference = 7E352F66233B521350BC6D9D /* Pods-MeetupFinder.debug.xcconfig */;
			buildSettings = {
				ASSETCATALOG_COMPILER_APPICON_NAME = AppIcon;
				DEVELOPMENT_TEAM = 59ZDL3D4PJ;
				INFOPLIST_FILE = MeetupFinder/Info.plist;
				IPHONEOS_DEPLOYMENT_TARGET = 10.0;
				LD_RUNPATH_SEARCH_PATHS = "$(inherited) @executable_path/Frameworks";
				PRODUCT_BUNDLE_IDENTIFIER = tech.rlabs.MeetupFinder;
				PRODUCT_NAME = "$(TARGET_NAME)";
				SWIFT_VERSION = 3.0;
			};
			name = Debug;
		};
		30C0BB121F1EEA05006D4531 /* Release */ = {
			isa = XCBuildConfiguration;
			baseConfigurationReference = 8A14908ECC1A3EB2AE4E1383 /* Pods-MeetupFinder.release.xcconfig */;
			buildSettings = {
				ASSETCATALOG_COMPILER_APPICON_NAME = AppIcon;
				DEVELOPMENT_TEAM = 59ZDL3D4PJ;
				INFOPLIST_FILE = MeetupFinder/Info.plist;
				IPHONEOS_DEPLOYMENT_TARGET = 10.0;
				LD_RUNPATH_SEARCH_PATHS = "$(inherited) @executable_path/Frameworks";
				PRODUCT_BUNDLE_IDENTIFIER = tech.rlabs.MeetupFinder;
				PRODUCT_NAME = "$(TARGET_NAME)";
				SWIFT_VERSION = 3.0;
			};
			name = Release;
		};
/* End XCBuildConfiguration section */

/* Begin XCConfigurationList section */
		30C0BAF91F1EEA05006D4531 /* Build configuration list for PBXProject "MeetupFinder" */ = {
			isa = XCConfigurationList;
			buildConfigurations = (
				30C0BB0E1F1EEA05006D4531 /* Debug */,
				30C0BB0F1F1EEA05006D4531 /* Release */,
			);
			defaultConfigurationIsVisible = 0;
			defaultConfigurationName = Release;
		};
		30C0BB101F1EEA05006D4531 /* Build configuration list for PBXNativeTarget "MeetupFinder" */ = {
			isa = XCConfigurationList;
			buildConfigurations = (
				30C0BB111F1EEA05006D4531 /* Debug */,
				30C0BB121F1EEA05006D4531 /* Release */,
			);
			defaultConfigurationIsVisible = 0;
			defaultConfigurationName = Release;
		};
/* End XCConfigurationList section */
	};
	rootObject = 30C0BAF61F1EEA05006D4531 /* Project object */;
}
